
Microsoft Visual Studio Solution File, Format Version 12.00
# Visual Studio 14
VisualStudioVersion = 14.0.25420.1
MinimumVisualStudioVersion = 10.0.40219.1
Project("{2150E333-8FDC-42A3-9474-1A3956D46DE8}") = "1-Presentacion", "1-Presentacion", "{0949368D-6955-4620-9C39-4827246946B1}"
EndProject
Project("{2150E333-8FDC-42A3-9474-1A3956D46DE8}") = "2-Servicio", "2-Servicio", "{0D0D2056-AE5F-4BFC-9470-A051200A0E08}"
EndProject
Project("{2150E333-8FDC-42A3-9474-1A3956D46DE8}") = "3-Aplicacion", "3-Aplicacion", "{8C90DA2A-57AF-48F1-B081-D0AB3151463B}"
EndProject
Project("{2150E333-8FDC-42A3-9474-1A3956D46DE8}") = "4-Dominio", "4-Dominio", "{71A96D04-813D-45CD-81C0-08A2D34A2639}"
EndProject
Project("{2150E333-8FDC-42A3-9474-1A3956D46DE8}") = "5-Infra", "5-Infra", "{873609C5-8FCF-4687-A141-A4581E634628}"
EndProject
Project("{2150E333-8FDC-42A3-9474-1A3956D46DE8}") = "Data", "Data", "{4B1E254A-6931-47C3-9681-381A7A952EF4}"
EndProject
Project("{FAE04EC0-301F-11D3-BF4B-00C04F79EFBC}") = "DDD.MVC", "DDD.MVC\DDD.MVC.csproj", "{A2319ED8-3B72-42C3-8274-A8D9864A093A}"
EndProject
Project("{FAE04EC0-301F-11D3-BF4B-00C04F79EFBC}") = "DDD.Aplicacion", "DDD.Aplicacion\DDD.Aplicacion.csproj", "{60D390F7-4B6F-4063-993F-110AE7504025}"
EndProject
Project("{FAE04EC0-301F-11D3-BF4B-00C04F79EFBC}") = "DDD.Dominio", "DDD.Dominio\DDD.Dominio.csproj", "{52FE19FD-915F-418D-8A01-097F7875AD93}"
EndProject
Project("{FAE04EC0-301F-11D3-BF4B-00C04F79EFBC}") = "DDD.Infra.Data", "DDD.Infra.Data\DDD.Infra.Data.csproj", "{5C186300-C83F-429B-AFAB-609C78665E9B}"
EndProject
Global
	GlobalSection(SolutionConfigurationPlatforms) = preSolution
		Debug|Any CPU = Debug|Any CPU
		Release|Any CPU = Release|Any CPU
	EndGlobalSection
	GlobalSection(ProjectConfigurationPlatforms) = postSolution
		{A2319ED8-3B72-42C3-8274-A8D9864A093A}.Debug|Any CPU.ActiveCfg = Debug|Any CPU
		{A2319ED8-3B72-42C3-8274-A8D9864A093A}.Debug|Any CPU.Build.0 = Debug|Any CPU
		{A2319ED8-3B72-42C3-8274-A8D9864A093A}.Release|Any CPU.ActiveCfg = Release|Any CPU
		{A2319ED8-3B72-42C3-8274-A8D9864A093A}.Release|Any CPU.Build.0 = Release|Any CPU
		{60D390F7-4B6F-4063-993F-110AE7504025}.Debug|Any CPU.ActiveCfg = Debug|Any CPU
		{60D390F7-4B6F-4063-993F-110AE7504025}.Debug|Any CPU.Build.0 = Debug|Any CPU
		{60D390F7-4B6F-4063-993F-110AE7504025}.Release|Any CPU.ActiveCfg = Release|Any CPU
		{60D390F7-4B6F-4063-993F-110AE7504025}.Release|Any CPU.Build.0 = Release|Any CPU
		{52FE19FD-915F-418D-8A01-097F7875AD93}.Debug|Any CPU.ActiveCfg = Debug|Any CPU
		{52FE19FD-915F-418D-8A01-097F7875AD93}.Debug|Any CPU.Build.0 = Debug|Any CPU
		{52FE19FD-915F-418D-8A01-097F7875AD93}.Release|Any CPU.ActiveCfg = Release|Any CPU
		{52FE19FD-915F-418D-8A01-097F7875AD93}.Release|Any CPU.Build.0 = Release|Any CPU
		{5C186300-C83F-429B-AFAB-609C78665E9B}.Debug|Any CPU.ActiveCfg = Debug|Any CPU
		{5C186300-C83F-429B-AFAB-609C78665E9B}.Debug|Any CPU.Build.0 = Debug|Any CPU
		{5C186300-C83F-429B-AFAB-609C78665E9B}.Release|Any CPU.ActiveCfg = Release|Any CPU
		{5C186300-C83F-429B-AFAB-609C78665E9B}.Release|Any CPU.Build.0 = Release|Any CPU
	EndGlobalSection
	GlobalSection(SolutionProperties) = preSolution
		HideSolutionNode = FALSE
	EndGlobalSection
	GlobalSection(NestedProjects) = preSolution
		{4B1E254A-6931-47C3-9681-381A7A952EF4} = {873609C5-8FCF-4687-A141-A4581E634628}
		{A2319ED8-3B72-42C3-8274-A8D9864A093A} = {0949368D-6955-4620-9C39-4827246946B1}
		{60D390F7-4B6F-4063-993F-110AE7504025} = {8C90DA2A-57AF-48F1-B081-D0AB3151463B}
		{52FE19FD-915F-418D-8A01-097F7875AD93} = {71A96D04-813D-45CD-81C0-08A2D34A2639}
		{5C186300-C83F-429B-AFAB-609C78665E9B} = {4B1E254A-6931-47C3-9681-381A7A952EF4}
	EndGlobalSection
EndGlobal
