
Microsoft Visual Studio Solution File, Format Version 12.00
# Visual Studio 14
VisualStudioVersion = 14.0.25420.1
MinimumVisualStudioVersion = 10.0.40219.1
Project("{2150E333-8FDC-42A3-9474-1A3956D46DE8}") = "1-Presentacion", "1-Presentacion", "{E16EB689-700E-4EA2-B7C9-16507F3E38D3}"
EndProject
Project("{2150E333-8FDC-42A3-9474-1A3956D46DE8}") = "2-Servicio", "2-Servicio", "{D6D2A626-D0A6-4312-9784-0EC84F240AAE}"
EndProject
Project("{2150E333-8FDC-42A3-9474-1A3956D46DE8}") = "3-Aplicacion", "3-Aplicacion", "{EB30934B-4526-473E-AE8A-4130FDC67C1E}"
EndProject
Project("{2150E333-8FDC-42A3-9474-1A3956D46DE8}") = "4-Dominio", "4-Dominio", "{71D17730-F623-40E2-BD45-4267EFCA7F79}"
EndProject
Project("{2150E333-8FDC-42A3-9474-1A3956D46DE8}") = "5-Infra", "5-Infra", "{6122EDA7-9F6E-4685-B33B-A80848108A49}"
EndProject
Project("{2150E333-8FDC-42A3-9474-1A3956D46DE8}") = "5.1-Data", "5.1-Data", "{0BBE49AD-49D6-4CC1-A8AB-8DCD44A3794A}"
EndProject
Project("{FAE04EC0-301F-11D3-BF4B-00C04F79EFBC}") = "DDD.MVC", "DDD.MVC\DDD.MVC.csproj", "{071184A0-0BA3-4B24-B91F-2CC0911A98C3}"
EndProject
Project("{FAE04EC0-301F-11D3-BF4B-00C04F79EFBC}") = "DDD.Dominio", "DDD.Dominio\DDD.Dominio.csproj", "{2DF32D52-8CBF-4F02-854B-5C3D447AAFB8}"
EndProject
Project("{FAE04EC0-301F-11D3-BF4B-00C04F79EFBC}") = "DDD.Infra.Data", "DDD.Infra.Data\DDD.Infra.Data.csproj", "{7FCC9E36-F617-4A77-8630-62EF7349C075}"
EndProject
Project("{FAE04EC0-301F-11D3-BF4B-00C04F79EFBC}") = "DDD.Aplicacion", "DDD.Aplicacion\DDD.Aplicacion.csproj", "{35613B52-55D3-418A-9470-613EBFC701B1}"
EndProject
Global
	GlobalSection(SolutionConfigurationPlatforms) = preSolution
		Debug|Any CPU = Debug|Any CPU
		Release|Any CPU = Release|Any CPU
	EndGlobalSection
	GlobalSection(ProjectConfigurationPlatforms) = postSolution
		{071184A0-0BA3-4B24-B91F-2CC0911A98C3}.Debug|Any CPU.ActiveCfg = Debug|Any CPU
		{071184A0-0BA3-4B24-B91F-2CC0911A98C3}.Debug|Any CPU.Build.0 = Debug|Any CPU
		{071184A0-0BA3-4B24-B91F-2CC0911A98C3}.Release|Any CPU.ActiveCfg = Release|Any CPU
		{071184A0-0BA3-4B24-B91F-2CC0911A98C3}.Release|Any CPU.Build.0 = Release|Any CPU
		{2DF32D52-8CBF-4F02-854B-5C3D447AAFB8}.Debug|Any CPU.ActiveCfg = Debug|Any CPU
		{2DF32D52-8CBF-4F02-854B-5C3D447AAFB8}.Debug|Any CPU.Build.0 = Debug|Any CPU
		{2DF32D52-8CBF-4F02-854B-5C3D447AAFB8}.Release|Any CPU.ActiveCfg = Release|Any CPU
		{2DF32D52-8CBF-4F02-854B-5C3D447AAFB8}.Release|Any CPU.Build.0 = Release|Any CPU
		{7FCC9E36-F617-4A77-8630-62EF7349C075}.Debug|Any CPU.ActiveCfg = Debug|Any CPU
		{7FCC9E36-F617-4A77-8630-62EF7349C075}.Debug|Any CPU.Build.0 = Debug|Any CPU
		{7FCC9E36-F617-4A77-8630-62EF7349C075}.Release|Any CPU.ActiveCfg = Release|Any CPU
		{7FCC9E36-F617-4A77-8630-62EF7349C075}.Release|Any CPU.Build.0 = Release|Any CPU
		{35613B52-55D3-418A-9470-613EBFC701B1}.Debug|Any CPU.ActiveCfg = Debug|Any CPU
		{35613B52-55D3-418A-9470-613EBFC701B1}.Debug|Any CPU.Build.0 = Debug|Any CPU
		{35613B52-55D3-418A-9470-613EBFC701B1}.Release|Any CPU.ActiveCfg = Release|Any CPU
		{35613B52-55D3-418A-9470-613EBFC701B1}.Release|Any CPU.Build.0 = Release|Any CPU
	EndGlobalSection
	GlobalSection(SolutionProperties) = preSolution
		HideSolutionNode = FALSE
	EndGlobalSection
	GlobalSection(NestedProjects) = preSolution
		{0BBE49AD-49D6-4CC1-A8AB-8DCD44A3794A} = {6122EDA7-9F6E-4685-B33B-A80848108A49}
		{071184A0-0BA3-4B24-B91F-2CC0911A98C3} = {E16EB689-700E-4EA2-B7C9-16507F3E38D3}
		{2DF32D52-8CBF-4F02-854B-5C3D447AAFB8} = {71D17730-F623-40E2-BD45-4267EFCA7F79}
		{7FCC9E36-F617-4A77-8630-62EF7349C075} = {0BBE49AD-49D6-4CC1-A8AB-8DCD44A3794A}
		{35613B52-55D3-418A-9470-613EBFC701B1} = {EB30934B-4526-473E-AE8A-4130FDC67C1E}
	EndGlobalSection
EndGlobal
